Microsoft Visual Studio Solution File, Format Version 12.00
# Visual Studio Version 17
VisualStudioVersion = 17.5.2.0
MinimumVisualStudioVersion = 10.0.40219.1
Project("{FAE04EC0-301F-11D3-BF4B-00C04F79EFBC}") = "OnlineShopWebApplication", "OnlineShopWebApplication.csproj", "{98119A72-BE70-3143-9D41-79DAF15BB7F4}"
EndProject
Global
	GlobalSection(SolutionConfigurationPlatforms) = preSolution
		Debug|Any CPU = Debug|Any CPU
		Release|Any CPU = Release|Any CPU
	EndGlobalSection
	GlobalSection(ProjectConfigurationPlatforms) = postSolution
		{98119A72-BE70-3143-9D41-79DAF15BB7F4}.Debug|Any CPU.ActiveCfg = Debug|Any CPU
		{98119A72-BE70-3143-9D41-79DAF15BB7F4}.Debug|Any CPU.Build.0 = Debug|Any CPU
		{98119A72-BE70-3143-9D41-79DAF15BB7F4}.Release|Any CPU.ActiveCfg = Release|Any CPU
		{98119A72-BE70-3143-9D41-79DAF15BB7F4}.Release|Any CPU.Build.0 = Release|Any CPU
	EndGlobalSection
	GlobalSection(SolutionProperties) = preSolution
		HideSolutionNode = FALSE
	EndGlobalSection
	GlobalSection(ExtensibilityGlobals) = postSolution
		SolutionGuid = {A55099C4-9F67-45FD-82EA-DB9C2B1A4BD3}
	EndGlobalSection
EndGlobal
